
Microsoft Visual Studio Solution File, Format Version 12.00
# Visual Studio Version 17
VisualStudioVersion = 17.6.33829.357
MinimumVisualStudioVersion = 10.0.40219.1
Project("{FAE04EC0-301F-11D3-BF4B-00C04F79EFBC}") = "CreateDictionary", "DicoFR\CreateDictionary.csproj", "{A3BA4EB7-FD32-4A66-9240-9EDCD74B596B}"
EndProject
Project("{FAE04EC0-301F-11D3-BF4B-00C04F79EFBC}") = "WordLibrary", "WordLibrary\WordLibrary.csproj", "{CFFEAD24-B585-41E7-8BEE-C69342FF0C55}"
EndProject
Project("{FAE04EC0-301F-11D3-BF4B-00C04F79EFBC}") = "Createdictionary.TestProject", "Createdictionary.TestProject\Createdictionary.TestProject.csproj", "{497D6E68-55C6-4BDB-AFB4-377D495A6604}"
EndProject
Global
	GlobalSection(SolutionConfigurationPlatforms) = preSolution
		Debug|Any CPU = Debug|Any CPU
		Release|Any CPU = Release|Any CPU
	EndGlobalSection
	GlobalSection(ProjectConfigurationPlatforms) = postSolution
		{A3BA4EB7-FD32-4A66-9240-9EDCD74B596B}.Debug|Any CPU.ActiveCfg = Debug|Any CPU
		{A3BA4EB7-FD32-4A66-9240-9EDCD74B596B}.Debug|Any CPU.Build.0 = Debug|Any CPU
		{A3BA4EB7-FD32-4A66-9240-9EDCD74B596B}.Release|Any CPU.ActiveCfg = Release|Any CPU
		{A3BA4EB7-FD32-4A66-9240-9EDCD74B596B}.Release|Any CPU.Build.0 = Release|Any CPU
		{CFFEAD24-B585-41E7-8BEE-C69342FF0C55}.Debug|Any CPU.ActiveCfg = Debug|Any CPU
		{CFFEAD24-B585-41E7-8BEE-C69342FF0C55}.Debug|Any CPU.Build.0 = Debug|Any CPU
		{CFFEAD24-B585-41E7-8BEE-C69342FF0C55}.Release|Any CPU.ActiveCfg = Release|Any CPU
		{CFFEAD24-B585-41E7-8BEE-C69342FF0C55}.Release|Any CPU.Build.0 = Release|Any CPU
		{497D6E68-55C6-4BDB-AFB4-377D495A6604}.Debug|Any CPU.ActiveCfg = Debug|Any CPU
		{497D6E68-55C6-4BDB-AFB4-377D495A6604}.Debug|Any CPU.Build.0 = Debug|Any CPU
		{497D6E68-55C6-4BDB-AFB4-377D495A6604}.Release|Any CPU.ActiveCfg = Release|Any CPU
		{497D6E68-55C6-4BDB-AFB4-377D495A6604}.Release|Any CPU.Build.0 = Release|Any CPU
	EndGlobalSection
	GlobalSection(SolutionProperties) = preSolution
		HideSolutionNode = FALSE
	EndGlobalSection
	GlobalSection(ExtensibilityGlobals) = postSolution
		SolutionGuid = {4E5153BF-F921-44E0-86E9-89EA23D5CED7}
	EndGlobalSection
EndGlobal
